
Microsoft Visual Studio Solution File, Format Version 12.00
Project("{FAE04EC0-301F-11D3-BF4B-00C04F79EFBC}") = "TranslateChat", "TranslateChat\TranslateChat.csproj", "{3A82DDE7-2EAE-4A08-AAD5-42B656BB577B}"
EndProject
Project("{FAE04EC0-301F-11D3-BF4B-00C04F79EFBC}") = "TranslateChat.Domain", "TranslateChat.Domain\TranslateChat.Domain.csproj", "{231EC536-3ABB-489A-BA32-7AFB93404EE2}"
EndProject
Global
	GlobalSection(SolutionConfigurationPlatforms) = preSolution
		Debug|Any CPU = Debug|Any CPU
		Release|Any CPU = Release|Any CPU
	EndGlobalSection
	GlobalSection(ProjectConfigurationPlatforms) = postSolution
		{3A82DDE7-2EAE-4A08-AAD5-42B656BB577B}.Debug|Any CPU.ActiveCfg = Debug|Any CPU
		{3A82DDE7-2EAE-4A08-AAD5-42B656BB577B}.Debug|Any CPU.Build.0 = Debug|Any CPU
		{3A82DDE7-2EAE-4A08-AAD5-42B656BB577B}.Release|Any CPU.ActiveCfg = Release|Any CPU
		{3A82DDE7-2EAE-4A08-AAD5-42B656BB577B}.Release|Any CPU.Build.0 = Release|Any CPU
		{231EC536-3ABB-489A-BA32-7AFB93404EE2}.Debug|Any CPU.ActiveCfg = Debug|Any CPU
		{231EC536-3ABB-489A-BA32-7AFB93404EE2}.Debug|Any CPU.Build.0 = Debug|Any CPU
		{231EC536-3ABB-489A-BA32-7AFB93404EE2}.Release|Any CPU.ActiveCfg = Release|Any CPU
		{231EC536-3ABB-489A-BA32-7AFB93404EE2}.Release|Any CPU.Build.0 = Release|Any CPU
	EndGlobalSection
EndGlobal
